
Microsoft Visual Studio Solution File, Format Version 12.00
# Visual Studio Version 17
VisualStudioVersion = 17.7.34202.233
MinimumVisualStudioVersion = 10.0.40219.1
Project("{FAE04EC0-301F-11D3-BF4B-00C04F79EFBC}") = "karty", "karty\karty.csproj", "{62C87040-30E5-4012-ABC6-05D3942EEF7B}"
EndProject
Global
	GlobalSection(SolutionConfigurationPlatforms) = preSolution
		Debug|Any CPU = Debug|Any CPU
		Release|Any CPU = Release|Any CPU
	EndGlobalSection
	GlobalSection(ProjectConfigurationPlatforms) = postSolution
		{62C87040-30E5-4012-ABC6-05D3942EEF7B}.Debug|Any CPU.ActiveCfg = Debug|Any CPU
		{62C87040-30E5-4012-ABC6-05D3942EEF7B}.Debug|Any CPU.Build.0 = Debug|Any CPU
		{62C87040-30E5-4012-ABC6-05D3942EEF7B}.Release|Any CPU.ActiveCfg = Release|Any CPU
		{62C87040-30E5-4012-ABC6-05D3942EEF7B}.Release|Any CPU.Build.0 = Release|Any CPU
	EndGlobalSection
	GlobalSection(SolutionProperties) = preSolution
		HideSolutionNode = FALSE
	EndGlobalSection
	GlobalSection(ExtensibilityGlobals) = postSolution
		SolutionGuid = {C1082918-C042-4FA6-BA35-B4A91F8AE69C}
	EndGlobalSection
EndGlobal
